
Microsoft Visual Studio Solution File, Format Version 12.00
# Visual Studio Version 17
VisualStudioVersion = 17.14.36414.22
MinimumVisualStudioVersion = 10.0.40219.1
Project("{FAE04EC0-301F-11D3-BF4B-00C04F79EFBC}") = "EGBIMManualBaseFileCreater", "EGBIMManualBaseFileCreater\EGBIMManualBaseFileCreater.csproj", "{DD4453E4-DEED-4CFA-814F-1D16103CC484}"
EndProject
Project("{FAE04EC0-301F-11D3-BF4B-00C04F79EFBC}") = "SplitMD", "SplitMD\SplitMD.csproj", "{D3623A4C-8328-420E-873F-DED51159210C}"
EndProject
Project("{FAE04EC0-301F-11D3-BF4B-00C04F79EFBC}") = "CommandVideoCopy", "CommandVideoCopy\CommandVideoCopy.csproj", "{5141F7C1-24D9-4A1B-AED3-2CFBEDA735C7}"
EndProject
Global
	GlobalSection(SolutionConfigurationPlatforms) = preSolution
		Debug|Any CPU = Debug|Any CPU
		Release|Any CPU = Release|Any CPU
	EndGlobalSection
	GlobalSection(ProjectConfigurationPlatforms) = postSolution
		{DD4453E4-DEED-4CFA-814F-1D16103CC484}.Debug|Any CPU.ActiveCfg = Debug|Any CPU
		{DD4453E4-DEED-4CFA-814F-1D16103CC484}.Debug|Any CPU.Build.0 = Debug|Any CPU
		{DD4453E4-DEED-4CFA-814F-1D16103CC484}.Release|Any CPU.ActiveCfg = Release|Any CPU
		{DD4453E4-DEED-4CFA-814F-1D16103CC484}.Release|Any CPU.Build.0 = Release|Any CPU
		{D3623A4C-8328-420E-873F-DED51159210C}.Debug|Any CPU.ActiveCfg = Debug|Any CPU
		{D3623A4C-8328-420E-873F-DED51159210C}.Debug|Any CPU.Build.0 = Debug|Any CPU
		{D3623A4C-8328-420E-873F-DED51159210C}.Release|Any CPU.ActiveCfg = Release|Any CPU
		{D3623A4C-8328-420E-873F-DED51159210C}.Release|Any CPU.Build.0 = Release|Any CPU
		{5141F7C1-24D9-4A1B-AED3-2CFBEDA735C7}.Debug|Any CPU.ActiveCfg = Debug|Any CPU
		{5141F7C1-24D9-4A1B-AED3-2CFBEDA735C7}.Debug|Any CPU.Build.0 = Debug|Any CPU
		{5141F7C1-24D9-4A1B-AED3-2CFBEDA735C7}.Release|Any CPU.ActiveCfg = Release|Any CPU
		{5141F7C1-24D9-4A1B-AED3-2CFBEDA735C7}.Release|Any CPU.Build.0 = Release|Any CPU
	EndGlobalSection
	GlobalSection(SolutionProperties) = preSolution
		HideSolutionNode = FALSE
	EndGlobalSection
	GlobalSection(ExtensibilityGlobals) = postSolution
		SolutionGuid = {B312AC71-DABB-4591-A582-8C473764819C}
	EndGlobalSection
EndGlobal
